<?xml version="1.0" encoding="utf-8"?>
<Project ToolsVersion="4.0" xmlns="http://schemas.microsoft.com/developer/msbuild/2003">
  <ItemGroup>
    <Filter Include="Source Files">
      <UniqueIdentifier>{4FC737F1-C7A5-4376-A066-2A32D752A2FF}</UniqueIdentifier>
      <Extensions>cpp;c;cc;cxx;def;odl;idl;hpj;bat;asm;asmx</Extensions>
    </Filter>
    <Filter Include="Header Files">
      <UniqueIdentifier>{93995380-89BD-4b04-88EB-625FBE52EBFB}</UniqueIdentifier>
      <Extensions>h;hh;hpp;hxx;hm;inl;inc;ipp;xsd</Extensions>
    </Filter>
    <Filter Include="Resource Files">
      <UniqueIdentifier>{67DA6AB6-F800-4c08-8B7A-83BB121AAD01}</UniqueIdentifier>
      <Extensions>rc;ico;cur;bmp;dlg;rc2;rct;bin;rgs;gif;jpg;jpeg;jpe;resx;tiff;tif;png;wav;mfcribbon-ms</Extensions>
    </Filter>
    <Filter Include="Rendering">
      <UniqueIdentifier>{b7502dd1-59f6-4668-a2ce-81fb88b6d362}</UniqueIdentifier>
    </Filter>
    <Filter Include="Components">
      <UniqueIdentifier>{0dda5c79-3b73-4b88-b4b2-ebd3ca5b23b5}</UniqueIdentifier>
    </Filter>
    <Filter Include="Utils">
      <UniqueIdentifier>{5bb680db-9cc8-4713-b00e-19f2e1514330}</UniqueIdentifier>
    </Filter>
    <Filter Include="Utils\DataStructures">
      <UniqueIdentifier>{58283270-dba0-4e92-bfda-71d11cc26023}</UniqueIdentifier>
    </Filter>
    <Filter Include="Actors">
      <UniqueIdentifier>{1cb47c2e-ffc5-484a-8b0d-f991eb39d957}</UniqueIdentifier>
    </Filter>
  </ItemGroup>
  <ItemGroup>
    <ClInclude Include="Source\Core\Input.h">
      <Filter>Header Files</Filter>
    </ClInclude>
    <ClInclude Include="Source\Core\Components\Camera.h">
      <Filter>Components</Filter>
    </ClInclude>
    <ClInclude Include="Source\Core\Components\Model.h">
      <Filter>Components</Filter>
    </ClInclude>
    <ClInclude Include="Source\Core\Rendering\Shaders.h">
      <Filter>Rendering</Filter>
    </ClInclude>
    <ClInclude Include="Source\Core\Rendering\Texture.h">
      <Filter>Rendering</Filter>
    </ClInclude>
    <ClInclude Include="Source\Core\Utils\loaders.h">
      <Filter>Utils</Filter>
    </ClInclude>
    <ClInclude Include="Source\Core\Utils\DataStructures\vector2.h">
      <Filter>Utils\DataStructures</Filter>
    </ClInclude>
    <ClInclude Include="Source\Core\Utils\DataStructures\vector3.h">
      <Filter>Utils\DataStructures</Filter>
    </ClInclude>
    <ClInclude Include="Source\Core\Utils\DataStructures\vector4.h">
      <Filter>Utils\DataStructures</Filter>
    </ClInclude>
    <ClInclude Include="Source\Core\Utils\DataStructures\structures.h">
      <Filter>Utils\DataStructures</Filter>
    </ClInclude>
    <ClInclude Include="Source\Core\Rendering\Rendering.h">
      <Filter>Rendering</Filter>
    </ClInclude>
    <ClInclude Include="Source\Core\interfaces.h">
      <Filter>Header Files</Filter>
    </ClInclude>
    <ClInclude Include="Source\Core\HorsemanGame.h">
      <Filter>Header Files</Filter>
    </ClInclude>
    <ClInclude Include="Source\Core\Utils\config.h">
      <Filter>Utils</Filter>
    </ClInclude>
    <ClInclude Include="Source\Core\Utils\math.h">
      <Filter>Utils</Filter>
    </ClInclude>
    <ClInclude Include="Source\Core\Utils\memory.h">
      <Filter>Utils</Filter>
    </ClInclude>
    <ClInclude Include="Source\Core\Utils\properties.h">
      <Filter>Utils</Filter>
    </ClInclude>
    <ClInclude Include="Source\Core\Utils\concat.h">
      <Filter>Utils</Filter>
    </ClInclude>
  </ItemGroup>
  <ItemGroup>
    <None Include="Source\Core\Rendering\Shaders\fragment_shader.glsl">
      <Filter>Resource Files</Filter>
    </None>
    <None Include="Source\Core\Rendering\Shaders\vertex_shader.glsl">
      <Filter>Resource Files</Filter>
    </None>
  </ItemGroup>
  <ItemGroup>
    <ClCompile Include="Source\Core\Components\Camera.cpp">
      <Filter>Components</Filter>
    </ClCompile>
    <ClCompile Include="Source\Core\Components\Model.cpp">
      <Filter>Components</Filter>
    </ClCompile>
    <ClCompile Include="Source\Core\Rendering\Rendering.cpp">
      <Filter>Rendering</Filter>
    </ClCompile>
    <ClCompile Include="Source\Core\Rendering\Shaders.cpp">
      <Filter>Rendering</Filter>
    </ClCompile>
    <ClCompile Include="Source\Core\Rendering\Texture.cpp">
      <Filter>Rendering</Filter>
    </ClCompile>
    <ClCompile Include="Source\Core\Input.cpp">
      <Filter>Source Files</Filter>
    </ClCompile>
    <ClCompile Include="Source\Core\main.cpp">
      <Filter>Source Files</Filter>
    </ClCompile>
    <ClCompile Include="Source\Core\HorsemanGame.cpp">
      <Filter>Source Files</Filter>
    </ClCompile>
  </ItemGroup>
</Project>